
Microsoft Visual Studio Solution File, Format Version 12.00
# Visual Studio 2012
Project("{FAE04EC0-301F-11D3-BF4B-00C04F79EFBC}") = "NotLottie.Android", "NotLottie.Android\NotLottie.Android.csproj", "{48FF635E-BD78-4321-AF7C-003381481379}"
EndProject
Project("{FAE04EC0-301F-11D3-BF4B-00C04F79EFBC}") = "NotLottie.iOS", "NotLottie.iOS\NotLottie.iOS.csproj", "{E029CCA5-1A72-42AC-9F41-D8332722FE94}"
EndProject
Project("{FAE04EC0-301F-11D3-BF4B-00C04F79EFBC}") = "NotLottie", "NotLottie\NotLottie.csproj", "{725D297A-23F0-4B11-BFC1-6BD9FEE09DB6}"
EndProject
Global
	GlobalSection(SolutionConfigurationPlatforms) = preSolution
		Debug|Any CPU = Debug|Any CPU
		Release|Any CPU = Release|Any CPU
		Debug|iPhoneSimulator = Debug|iPhoneSimulator
		Release|iPhoneSimulator = Release|iPhoneSimulator
		Debug|iPhone = Debug|iPhone
		Release|iPhone = Release|iPhone
	EndGlobalSection
	GlobalSection(ProjectConfigurationPlatforms) = postSolution
		{48FF635E-BD78-4321-AF7C-003381481379}.Debug|Any CPU.ActiveCfg = Debug|Any CPU
		{48FF635E-BD78-4321-AF7C-003381481379}.Debug|Any CPU.Build.0 = Debug|Any CPU
		{48FF635E-BD78-4321-AF7C-003381481379}.Release|Any CPU.ActiveCfg = Release|Any CPU
		{48FF635E-BD78-4321-AF7C-003381481379}.Release|Any CPU.Build.0 = Release|Any CPU
		{48FF635E-BD78-4321-AF7C-003381481379}.Debug|iPhoneSimulator.ActiveCfg = Debug|Any CPU
		{48FF635E-BD78-4321-AF7C-003381481379}.Debug|iPhoneSimulator.Build.0 = Debug|Any CPU
		{48FF635E-BD78-4321-AF7C-003381481379}.Release|iPhoneSimulator.ActiveCfg = Release|Any CPU
		{48FF635E-BD78-4321-AF7C-003381481379}.Release|iPhoneSimulator.Build.0 = Release|Any CPU
		{48FF635E-BD78-4321-AF7C-003381481379}.Debug|iPhone.ActiveCfg = Debug|Any CPU
		{48FF635E-BD78-4321-AF7C-003381481379}.Debug|iPhone.Build.0 = Debug|Any CPU
		{48FF635E-BD78-4321-AF7C-003381481379}.Release|iPhone.ActiveCfg = Release|Any CPU
		{48FF635E-BD78-4321-AF7C-003381481379}.Release|iPhone.Build.0 = Release|Any CPU
		{E029CCA5-1A72-42AC-9F41-D8332722FE94}.Debug|Any CPU.ActiveCfg = Debug|iPhoneSimulator
		{E029CCA5-1A72-42AC-9F41-D8332722FE94}.Debug|Any CPU.Build.0 = Debug|iPhoneSimulator
		{E029CCA5-1A72-42AC-9F41-D8332722FE94}.Release|Any CPU.ActiveCfg = Release|iPhoneSimulator
		{E029CCA5-1A72-42AC-9F41-D8332722FE94}.Release|Any CPU.Build.0 = Release|iPhoneSimulator
		{E029CCA5-1A72-42AC-9F41-D8332722FE94}.Debug|iPhoneSimulator.ActiveCfg = Debug|iPhoneSimulator
		{E029CCA5-1A72-42AC-9F41-D8332722FE94}.Debug|iPhoneSimulator.Build.0 = Debug|iPhoneSimulator
		{E029CCA5-1A72-42AC-9F41-D8332722FE94}.Release|iPhoneSimulator.ActiveCfg = Release|iPhoneSimulator
		{E029CCA5-1A72-42AC-9F41-D8332722FE94}.Release|iPhoneSimulator.Build.0 = Release|iPhoneSimulator
		{E029CCA5-1A72-42AC-9F41-D8332722FE94}.Debug|iPhone.ActiveCfg = Debug|iPhone
		{E029CCA5-1A72-42AC-9F41-D8332722FE94}.Debug|iPhone.Build.0 = Debug|iPhone
		{E029CCA5-1A72-42AC-9F41-D8332722FE94}.Release|iPhone.ActiveCfg = Release|iPhone
		{E029CCA5-1A72-42AC-9F41-D8332722FE94}.Release|iPhone.Build.0 = Release|iPhone
		{725D297A-23F0-4B11-BFC1-6BD9FEE09DB6}.Debug|Any CPU.ActiveCfg = Debug|Any CPU
		{725D297A-23F0-4B11-BFC1-6BD9FEE09DB6}.Debug|Any CPU.Build.0 = Debug|Any CPU
		{725D297A-23F0-4B11-BFC1-6BD9FEE09DB6}.Release|Any CPU.ActiveCfg = Release|Any CPU
		{725D297A-23F0-4B11-BFC1-6BD9FEE09DB6}.Release|Any CPU.Build.0 = Release|Any CPU
		{725D297A-23F0-4B11-BFC1-6BD9FEE09DB6}.Debug|iPhoneSimulator.ActiveCfg = Debug|Any CPU
		{725D297A-23F0-4B11-BFC1-6BD9FEE09DB6}.Debug|iPhoneSimulator.Build.0 = Debug|Any CPU
		{725D297A-23F0-4B11-BFC1-6BD9FEE09DB6}.Release|iPhoneSimulator.ActiveCfg = Release|Any CPU
		{725D297A-23F0-4B11-BFC1-6BD9FEE09DB6}.Release|iPhoneSimulator.Build.0 = Release|Any CPU
		{725D297A-23F0-4B11-BFC1-6BD9FEE09DB6}.Debug|iPhone.ActiveCfg = Debug|Any CPU
		{725D297A-23F0-4B11-BFC1-6BD9FEE09DB6}.Debug|iPhone.Build.0 = Debug|Any CPU
		{725D297A-23F0-4B11-BFC1-6BD9FEE09DB6}.Release|iPhone.ActiveCfg = Release|Any CPU
		{725D297A-23F0-4B11-BFC1-6BD9FEE09DB6}.Release|iPhone.Build.0 = Release|Any CPU
	EndGlobalSection
EndGlobal
